<Solution>
    <Project Path="Shared.Api/Shared.Api.csproj" Id="a53c7006-2008-43fd-81be-3bf346fa820c" />
    <Project Path="Shared.Application/Shared.Application.csproj" Id="dddcd9af-2342-4f7c-b07f-8b1495ddd688" />
    <Project Path="Shared.Domain/Shared.Domain.csproj" Id="8883bf80-e55a-4cac-a38c-572e1a1c803b" />
    <Project Path="Shared.Infra/Shared.Infra.csproj" Id="f7da37af-3c85-46b0-98dd-a7b7a0a658a9" />
</Solution>
